
Microsoft Visual Studio Solution File, Format Version 12.00
# Visual Studio 14
VisualStudioVersion = 14.0.25420.1
MinimumVisualStudioVersion = 10.0.40219.1
Project("{2150E333-8FDC-42A3-9474-1A3956D46DE8}") = "src", "src", "{DEB7E188-8E8C-4193-ABF8-AD9D177E8151}"
EndProject
Project("{8BB2217D-0F2D-49D1-97BC-3654ED321F3B}") = "EmailService.Core", "src\EmailService.Core\EmailService.Core.xproj", "{E9B44A38-7ABB-41DF-9E4C-505DED2436E9}"
EndProject
Project("{2150E333-8FDC-42A3-9474-1A3956D46DE8}") = "test", "test", "{4CED9CEB-7FAA-476F-B7B7-104F5D96E1F6}"
EndProject
Project("{8BB2217D-0F2D-49D1-97BC-3654ED321F3B}") = "EmailService.Core.Test", "test\EmailService.Core.Test\EmailService.Core.Test.xproj", "{3601A103-7B7C-41E1-A715-D93B990230B5}"
EndProject
Project("{00D1A9C2-B5F0-4AF3-8072-F6C62B433612}") = "EmailService.Database", "src\EmailService.Database\EmailService.Database.sqlproj", "{90C60796-E4D9-4D6A-9C1D-EFD1A97E8371}"
EndProject
Global
	GlobalSection(SolutionConfigurationPlatforms) = preSolution
		Debug|Any CPU = Debug|Any CPU
		Release|Any CPU = Release|Any CPU
	EndGlobalSection
	GlobalSection(ProjectConfigurationPlatforms) = postSolution
		{E9B44A38-7ABB-41DF-9E4C-505DED2436E9}.Debug|Any CPU.ActiveCfg = Debug|Any CPU
		{E9B44A38-7ABB-41DF-9E4C-505DED2436E9}.Debug|Any CPU.Build.0 = Debug|Any CPU
		{E9B44A38-7ABB-41DF-9E4C-505DED2436E9}.Release|Any CPU.ActiveCfg = Release|Any CPU
		{E9B44A38-7ABB-41DF-9E4C-505DED2436E9}.Release|Any CPU.Build.0 = Release|Any CPU
		{3601A103-7B7C-41E1-A715-D93B990230B5}.Debug|Any CPU.ActiveCfg = Debug|Any CPU
		{3601A103-7B7C-41E1-A715-D93B990230B5}.Debug|Any CPU.Build.0 = Debug|Any CPU
		{3601A103-7B7C-41E1-A715-D93B990230B5}.Release|Any CPU.ActiveCfg = Release|Any CPU
		{3601A103-7B7C-41E1-A715-D93B990230B5}.Release|Any CPU.Build.0 = Release|Any CPU
		{90C60796-E4D9-4D6A-9C1D-EFD1A97E8371}.Debug|Any CPU.ActiveCfg = Debug|Any CPU
		{90C60796-E4D9-4D6A-9C1D-EFD1A97E8371}.Debug|Any CPU.Build.0 = Debug|Any CPU
		{90C60796-E4D9-4D6A-9C1D-EFD1A97E8371}.Debug|Any CPU.Deploy.0 = Debug|Any CPU
		{90C60796-E4D9-4D6A-9C1D-EFD1A97E8371}.Release|Any CPU.ActiveCfg = Release|Any CPU
		{90C60796-E4D9-4D6A-9C1D-EFD1A97E8371}.Release|Any CPU.Build.0 = Release|Any CPU
		{90C60796-E4D9-4D6A-9C1D-EFD1A97E8371}.Release|Any CPU.Deploy.0 = Release|Any CPU
	EndGlobalSection
	GlobalSection(SolutionProperties) = preSolution
		HideSolutionNode = FALSE
	EndGlobalSection
	GlobalSection(NestedProjects) = preSolution
		{E9B44A38-7ABB-41DF-9E4C-505DED2436E9} = {DEB7E188-8E8C-4193-ABF8-AD9D177E8151}
		{3601A103-7B7C-41E1-A715-D93B990230B5} = {4CED9CEB-7FAA-476F-B7B7-104F5D96E1F6}
		{90C60796-E4D9-4D6A-9C1D-EFD1A97E8371} = {DEB7E188-8E8C-4193-ABF8-AD9D177E8151}
	EndGlobalSection
EndGlobal
