
Microsoft Visual Studio Solution File, Format Version 12.00
# Visual Studio 14
VisualStudioVersion = 14.0.25420.1
MinimumVisualStudioVersion = 10.0.40219.1
Project("{2150E333-8FDC-42A3-9474-1A3956D46DE8}") = "src", "src", "{DEB7E188-8E8C-4193-ABF8-AD9D177E8151}"
EndProject
Project("{8BB2217D-0F2D-49D1-97BC-3654ED321F3B}") = "EmailService.Core", "src\EmailService.Core\EmailService.Core.xproj", "{E9B44A38-7ABB-41DF-9E4C-505DED2436E9}"
EndProject
Project("{2150E333-8FDC-42A3-9474-1A3956D46DE8}") = "test", "test", "{4CED9CEB-7FAA-476F-B7B7-104F5D96E1F6}"
EndProject
Project("{8BB2217D-0F2D-49D1-97BC-3654ED321F3B}") = "EmailService.Core.Test", "test\EmailService.Core.Test\EmailService.Core.Test.xproj", "{3601A103-7B7C-41E1-A715-D93B990230B5}"
EndProject
Project("{8BB2217D-0F2D-49D1-97BC-3654ED321F3B}") = "EmailService.Web", "src\EmailService.Web\EmailService.Web.xproj", "{2FF98241-2F6F-4DEF-8F6E-0E7FBE0F1222}"
EndProject
Project("{8BB2217D-0F2D-49D1-97BC-3654ED321F3B}") = "EmailService.Transports", "src\EmailService.Transports\EmailService.Transports.xproj", "{8545E9C1-AB86-47CD-BE2A-31ED286D0CB9}"
EndProject
Project("{8BB2217D-0F2D-49D1-97BC-3654ED321F3B}") = "EmailService.Processor.Job", "src\EmailService.Processor.Job\EmailService.Processor.Job.xproj", "{D5306199-3238-4496-89DE-97A878549973}"
EndProject
Project("{8BB2217D-0F2D-49D1-97BC-3654ED321F3B}") = "EmailService.Storage.Azure", "src\EmailService.Storage.Azure\EmailService.Storage.Azure.xproj", "{2CE7C01F-D304-41A5-83BE-AF549E4CB2D6}"
EndProject
Project("{8BB2217D-0F2D-49D1-97BC-3654ED321F3B}") = "EmailService.Web.Api", "src\EmailService.Web.Api\EmailService.Web.Api.xproj", "{CB2E0EBF-94CC-45DF-86DA-DEBA4FF086E6}"
EndProject
Global
	GlobalSection(SolutionConfigurationPlatforms) = preSolution
		Debug|Any CPU = Debug|Any CPU
		Release|Any CPU = Release|Any CPU
	EndGlobalSection
	GlobalSection(ProjectConfigurationPlatforms) = postSolution
		{E9B44A38-7ABB-41DF-9E4C-505DED2436E9}.Debug|Any CPU.ActiveCfg = Debug|Any CPU
		{E9B44A38-7ABB-41DF-9E4C-505DED2436E9}.Debug|Any CPU.Build.0 = Debug|Any CPU
		{E9B44A38-7ABB-41DF-9E4C-505DED2436E9}.Release|Any CPU.ActiveCfg = Release|Any CPU
		{E9B44A38-7ABB-41DF-9E4C-505DED2436E9}.Release|Any CPU.Build.0 = Release|Any CPU
		{3601A103-7B7C-41E1-A715-D93B990230B5}.Debug|Any CPU.ActiveCfg = Debug|Any CPU
		{3601A103-7B7C-41E1-A715-D93B990230B5}.Debug|Any CPU.Build.0 = Debug|Any CPU
		{3601A103-7B7C-41E1-A715-D93B990230B5}.Release|Any CPU.ActiveCfg = Release|Any CPU
		{3601A103-7B7C-41E1-A715-D93B990230B5}.Release|Any CPU.Build.0 = Release|Any CPU
		{2FF98241-2F6F-4DEF-8F6E-0E7FBE0F1222}.Debug|Any CPU.ActiveCfg = Debug|Any CPU
		{2FF98241-2F6F-4DEF-8F6E-0E7FBE0F1222}.Debug|Any CPU.Build.0 = Debug|Any CPU
		{2FF98241-2F6F-4DEF-8F6E-0E7FBE0F1222}.Release|Any CPU.ActiveCfg = Release|Any CPU
		{2FF98241-2F6F-4DEF-8F6E-0E7FBE0F1222}.Release|Any CPU.Build.0 = Release|Any CPU
		{8545E9C1-AB86-47CD-BE2A-31ED286D0CB9}.Debug|Any CPU.ActiveCfg = Debug|Any CPU
		{8545E9C1-AB86-47CD-BE2A-31ED286D0CB9}.Debug|Any CPU.Build.0 = Debug|Any CPU
		{8545E9C1-AB86-47CD-BE2A-31ED286D0CB9}.Release|Any CPU.ActiveCfg = Release|Any CPU
		{8545E9C1-AB86-47CD-BE2A-31ED286D0CB9}.Release|Any CPU.Build.0 = Release|Any CPU
		{D5306199-3238-4496-89DE-97A878549973}.Debug|Any CPU.ActiveCfg = Debug|Any CPU
		{D5306199-3238-4496-89DE-97A878549973}.Debug|Any CPU.Build.0 = Debug|Any CPU
		{D5306199-3238-4496-89DE-97A878549973}.Release|Any CPU.ActiveCfg = Release|Any CPU
		{D5306199-3238-4496-89DE-97A878549973}.Release|Any CPU.Build.0 = Release|Any CPU
		{2CE7C01F-D304-41A5-83BE-AF549E4CB2D6}.Debug|Any CPU.ActiveCfg = Debug|Any CPU
		{2CE7C01F-D304-41A5-83BE-AF549E4CB2D6}.Debug|Any CPU.Build.0 = Debug|Any CPU
		{2CE7C01F-D304-41A5-83BE-AF549E4CB2D6}.Release|Any CPU.ActiveCfg = Release|Any CPU
		{2CE7C01F-D304-41A5-83BE-AF549E4CB2D6}.Release|Any CPU.Build.0 = Release|Any CPU
		{CB2E0EBF-94CC-45DF-86DA-DEBA4FF086E6}.Debug|Any CPU.ActiveCfg = Debug|Any CPU
		{CB2E0EBF-94CC-45DF-86DA-DEBA4FF086E6}.Debug|Any CPU.Build.0 = Debug|Any CPU
		{CB2E0EBF-94CC-45DF-86DA-DEBA4FF086E6}.Release|Any CPU.ActiveCfg = Release|Any CPU
		{CB2E0EBF-94CC-45DF-86DA-DEBA4FF086E6}.Release|Any CPU.Build.0 = Release|Any CPU
	EndGlobalSection
	GlobalSection(SolutionProperties) = preSolution
		HideSolutionNode = FALSE
	EndGlobalSection
	GlobalSection(NestedProjects) = preSolution
		{E9B44A38-7ABB-41DF-9E4C-505DED2436E9} = {DEB7E188-8E8C-4193-ABF8-AD9D177E8151}
		{3601A103-7B7C-41E1-A715-D93B990230B5} = {4CED9CEB-7FAA-476F-B7B7-104F5D96E1F6}
		{2FF98241-2F6F-4DEF-8F6E-0E7FBE0F1222} = {DEB7E188-8E8C-4193-ABF8-AD9D177E8151}
		{8545E9C1-AB86-47CD-BE2A-31ED286D0CB9} = {DEB7E188-8E8C-4193-ABF8-AD9D177E8151}
		{D5306199-3238-4496-89DE-97A878549973} = {DEB7E188-8E8C-4193-ABF8-AD9D177E8151}
		{2CE7C01F-D304-41A5-83BE-AF549E4CB2D6} = {DEB7E188-8E8C-4193-ABF8-AD9D177E8151}
		{CB2E0EBF-94CC-45DF-86DA-DEBA4FF086E6} = {DEB7E188-8E8C-4193-ABF8-AD9D177E8151}
	EndGlobalSection
EndGlobal
